Microsoft Visual Studio Solution File, Format Version 11.00
# Visual Studio 2008

Project("{3B897F24-A74D-80BD-9B8B-76FED99DAC4D}") = "ant world 3d", "Assembly-CSharp.csproj", "{6125332C-F386-8DBC-666D-A95A126CBF5B}"
EndProject
Global
	GlobalSection(SolutionConfigurationPlatforms) = preSolution
		Debug|Any CPU = Debug|Any CPU
		Release|Any CPU = Release|Any CPU
	EndGlobalSection
	GlobalSection(ProjectConfigurationPlatforms) = postSolution
		{6125332C-F386-8DBC-666D-A95A126CBF5B}.Debug|Any CPU.ActiveCfg = Debug|Any CPU
		{6125332C-F386-8DBC-666D-A95A126CBF5B}.Debug|Any CPU.Build.0 = Debug|Any CPU
		{6125332C-F386-8DBC-666D-A95A126CBF5B}.Release|Any CPU.ActiveCfg = Release|Any CPU
		{6125332C-F386-8DBC-666D-A95A126CBF5B}.Release|Any CPU.Build.0 = Release|Any CPU
	EndGlobalSection
	GlobalSection(SolutionProperties) = preSolution
		HideSolutionNode = FALSE
	EndGlobalSection
	GlobalSection(MonoDevelopProperties) = preSolution
		StartupItem = Assembly-CSharp.csproj
	EndGlobalSection
EndGlobal
